
Microsoft Visual Studio Solution File, Format Version 12.00
# Visual Studio Version 16
VisualStudioVersion = 16.0.31515.178
MinimumVisualStudioVersion = 10.0.40219.1
Project("{9A19103F-16F7-4668-BE54-9A1E7A4F7556}") = "HotelListing", "HotelListing\HotelListing.csproj", "{88360ECE-3311-4FA3-B1AD-D8BB99619E06}"
EndProject
Project("{9A19103F-16F7-4668-BE54-9A1E7A4F7556}") = "HotelListing.Core", "HotelListing.Core\HotelListing.Core.csproj", "{6C640C01-8CBB-4331-B992-C675594075F6}"
EndProject
Project("{9A19103F-16F7-4668-BE54-9A1E7A4F7556}") = "HotelListing.Data", "HotelListing.Data\HotelListing.Data.csproj", "{6E5041D9-9B64-471F-B2C5-97475EB5E0E9}"
EndProject
Project("{9A19103F-16F7-4668-BE54-9A1E7A4F7556}") = "HotelListing.Dtos", "HotelListing.Dtos\HotelListing.Dtos.csproj", "{EC0AA6D1-9097-4B83-9BDE-F62BACBB8927}"
EndProject
Project("{9A19103F-16F7-4668-BE54-9A1E7A4F7556}") = "HotelListing.Common", "HotelListing.Common\HotelListing.Common.csproj", "{690D2CB4-464C-49EC-B939-D046E4EB8981}"
EndProject
Project("{FAE04EC0-301F-11D3-BF4B-00C04F79EFBC}") = "HotelListing.Services", "HotelListing.Services\HotelListing.Services.csproj", "{F6D048E9-551E-4912-A1C9-B43EECEF8CF9}"
EndProject
Global
	GlobalSection(SolutionConfigurationPlatforms) = preSolution
		Debug|Any CPU = Debug|Any CPU
		Release|Any CPU = Release|Any CPU
	EndGlobalSection
	GlobalSection(ProjectConfigurationPlatforms) = postSolution
		{88360ECE-3311-4FA3-B1AD-D8BB99619E06}.Debug|Any CPU.ActiveCfg = Debug|Any CPU
		{88360ECE-3311-4FA3-B1AD-D8BB99619E06}.Debug|Any CPU.Build.0 = Debug|Any CPU
		{88360ECE-3311-4FA3-B1AD-D8BB99619E06}.Release|Any CPU.ActiveCfg = Release|Any CPU
		{88360ECE-3311-4FA3-B1AD-D8BB99619E06}.Release|Any CPU.Build.0 = Release|Any CPU
		{6C640C01-8CBB-4331-B992-C675594075F6}.Debug|Any CPU.ActiveCfg = Debug|Any CPU
		{6C640C01-8CBB-4331-B992-C675594075F6}.Debug|Any CPU.Build.0 = Debug|Any CPU
		{6C640C01-8CBB-4331-B992-C675594075F6}.Release|Any CPU.ActiveCfg = Release|Any CPU
		{6C640C01-8CBB-4331-B992-C675594075F6}.Release|Any CPU.Build.0 = Release|Any CPU
		{6E5041D9-9B64-471F-B2C5-97475EB5E0E9}.Debug|Any CPU.ActiveCfg = Debug|Any CPU
		{6E5041D9-9B64-471F-B2C5-97475EB5E0E9}.Debug|Any CPU.Build.0 = Debug|Any CPU
		{6E5041D9-9B64-471F-B2C5-97475EB5E0E9}.Release|Any CPU.ActiveCfg = Release|Any CPU
		{6E5041D9-9B64-471F-B2C5-97475EB5E0E9}.Release|Any CPU.Build.0 = Release|Any CPU
		{EC0AA6D1-9097-4B83-9BDE-F62BACBB8927}.Debug|Any CPU.ActiveCfg = Debug|Any CPU
		{EC0AA6D1-9097-4B83-9BDE-F62BACBB8927}.Debug|Any CPU.Build.0 = Debug|Any CPU
		{EC0AA6D1-9097-4B83-9BDE-F62BACBB8927}.Release|Any CPU.ActiveCfg = Release|Any CPU
		{EC0AA6D1-9097-4B83-9BDE-F62BACBB8927}.Release|Any CPU.Build.0 = Release|Any CPU
		{690D2CB4-464C-49EC-B939-D046E4EB8981}.Debug|Any CPU.ActiveCfg = Debug|Any CPU
		{690D2CB4-464C-49EC-B939-D046E4EB8981}.Debug|Any CPU.Build.0 = Debug|Any CPU
		{690D2CB4-464C-49EC-B939-D046E4EB8981}.Release|Any CPU.ActiveCfg = Release|Any CPU
		{690D2CB4-464C-49EC-B939-D046E4EB8981}.Release|Any CPU.Build.0 = Release|Any CPU
		{F6D048E9-551E-4912-A1C9-B43EECEF8CF9}.Debug|Any CPU.ActiveCfg = Debug|Any CPU
		{F6D048E9-551E-4912-A1C9-B43EECEF8CF9}.Debug|Any CPU.Build.0 = Debug|Any CPU
		{F6D048E9-551E-4912-A1C9-B43EECEF8CF9}.Release|Any CPU.ActiveCfg = Release|Any CPU
		{F6D048E9-551E-4912-A1C9-B43EECEF8CF9}.Release|Any CPU.Build.0 = Release|Any CPU
	EndGlobalSection
	GlobalSection(SolutionProperties) = preSolution
		HideSolutionNode = FALSE
	EndGlobalSection
	GlobalSection(ExtensibilityGlobals) = postSolution
		SolutionGuid = {19616656-3322-4C36-9FAE-41AAB23E0034}
	EndGlobalSection
EndGlobal
