
Microsoft Visual Studio Solution File, Format Version 12.00
# Visual Studio Version 16
VisualStudioVersion = 16.0.31515.178
MinimumVisualStudioVersion = 10.0.40219.1
Project("{9A19103F-16F7-4668-BE54-9A1E7A4F7556}") = "HotelListing", "HotelListing\HotelListing.csproj", "{88360ECE-3311-4FA3-B1AD-D8BB99619E06}"
EndProject
Project("{FAE04EC0-301F-11D3-BF4B-00C04F79EFBC}") = "HotelListing.Core", "HotelListing.Core\HotelListing.Core.csproj", "{6C640C01-8CBB-4331-B992-C675594075F6}"
EndProject
Global
	GlobalSection(SolutionConfigurationPlatforms) = preSolution
		Debug|Any CPU = Debug|Any CPU
		Release|Any CPU = Release|Any CPU
	EndGlobalSection
	GlobalSection(ProjectConfigurationPlatforms) = postSolution
		{88360ECE-3311-4FA3-B1AD-D8BB99619E06}.Debug|Any CPU.ActiveCfg = Debug|Any CPU
		{88360ECE-3311-4FA3-B1AD-D8BB99619E06}.Debug|Any CPU.Build.0 = Debug|Any CPU
		{88360ECE-3311-4FA3-B1AD-D8BB99619E06}.Release|Any CPU.ActiveCfg = Release|Any CPU
		{88360ECE-3311-4FA3-B1AD-D8BB99619E06}.Release|Any CPU.Build.0 = Release|Any CPU
		{6C640C01-8CBB-4331-B992-C675594075F6}.Debug|Any CPU.ActiveCfg = Debug|Any CPU
		{6C640C01-8CBB-4331-B992-C675594075F6}.Debug|Any CPU.Build.0 = Debug|Any CPU
		{6C640C01-8CBB-4331-B992-C675594075F6}.Release|Any CPU.ActiveCfg = Release|Any CPU
		{6C640C01-8CBB-4331-B992-C675594075F6}.Release|Any CPU.Build.0 = Release|Any CPU
	EndGlobalSection
	GlobalSection(SolutionProperties) = preSolution
		HideSolutionNode = FALSE
	EndGlobalSection
	GlobalSection(ExtensibilityGlobals) = postSolution
		SolutionGuid = {19616656-3322-4C36-9FAE-41AAB23E0034}
	EndGlobalSection
EndGlobal
